
Microsoft Visual Studio Solution File, Format Version 12.00
# TcXaeShell Solution File, Format Version 11.00
VisualStudioVersion = 17.7.34031.279
MinimumVisualStudioVersion = 10.0.40219.1
Project("{B1E792BE-AA5F-4E3C-8C82-674BF9C0715B}") = "TwinCAT Project4", "TwinCAT Project4\TwinCAT Project4.tsproj", "{A13E949D-411F-46D5-A0C2-1D4C4FBC5596}"
EndProject
Global
	GlobalSection(SolutionConfigurationPlatforms) = preSolution
		Debug|TwinCAT OS (ARMV7-A) = Debug|TwinCAT OS (ARMV7-A)
		Debug|TwinCAT OS (ARMV7-M) = Debug|TwinCAT OS (ARMV7-M)
		Debug|TwinCAT OS (ARMV8-A) = Debug|TwinCAT OS (ARMV8-A)
		Debug|TwinCAT OS (x64) = Debug|TwinCAT OS (x64)
		Debug|TwinCAT RT (x64) = Debug|TwinCAT RT (x64)
		Debug|TwinCAT RT (x86) = Debug|TwinCAT RT (x86)
		Release|TwinCAT OS (ARMV7-A) = Release|TwinCAT OS (ARMV7-A)
		Release|TwinCAT OS (ARMV7-M) = Release|TwinCAT OS (ARMV7-M)
		Release|TwinCAT OS (ARMV8-A) = Release|TwinCAT OS (ARMV8-A)
		Release|TwinCAT OS (x64) = Release|TwinCAT OS (x64)
		Release|TwinCAT RT (x64) = Release|TwinCAT RT (x64)
		Release|TwinCAT RT (x86) = Release|TwinCAT RT (x86)
	EndGlobalSection
	GlobalSection(ProjectConfigurationPlatforms) = postSolution
		{A13E949D-411F-46D5-A0C2-1D4C4FBC5596}.Debug|TwinCAT OS (ARMV7-A).ActiveCfg = Debug|TwinCAT OS (ARMV7-A)
		{A13E949D-411F-46D5-A0C2-1D4C4FBC5596}.Debug|TwinCAT OS (ARMV7-A).Build.0 = Debug|TwinCAT OS (ARMV7-A)
		{A13E949D-411F-46D5-A0C2-1D4C4FBC5596}.Debug|TwinCAT OS (ARMV7-M).ActiveCfg = Debug|TwinCAT OS (ARMV7-M)
		{A13E949D-411F-46D5-A0C2-1D4C4FBC5596}.Debug|TwinCAT OS (ARMV7-M).Build.0 = Debug|TwinCAT OS (ARMV7-M)
		{A13E949D-411F-46D5-A0C2-1D4C4FBC5596}.Debug|TwinCAT OS (ARMV8-A).ActiveCfg = Debug|TwinCAT OS (ARMV8-A)
		{A13E949D-411F-46D5-A0C2-1D4C4FBC5596}.Debug|TwinCAT OS (ARMV8-A).Build.0 = Debug|TwinCAT OS (ARMV8-A)
		{A13E949D-411F-46D5-A0C2-1D4C4FBC5596}.Debug|TwinCAT OS (x64).ActiveCfg = Debug|TwinCAT OS (x64)
		{A13E949D-411F-46D5-A0C2-1D4C4FBC5596}.Debug|TwinCAT OS (x64).Build.0 = Debug|TwinCAT OS (x64)
		{A13E949D-411F-46D5-A0C2-1D4C4FBC5596}.Debug|TwinCAT RT (x64).ActiveCfg = Debug|TwinCAT RT (x64)
		{A13E949D-411F-46D5-A0C2-1D4C4FBC5596}.Debug|TwinCAT RT (x64).Build.0 = Debug|TwinCAT RT (x64)
		{A13E949D-411F-46D5-A0C2-1D4C4FBC5596}.Debug|TwinCAT RT (x86).ActiveCfg = Debug|TwinCAT RT (x86)
		{A13E949D-411F-46D5-A0C2-1D4C4FBC5596}.Debug|TwinCAT RT (x86).Build.0 = Debug|TwinCAT RT (x86)
		{A13E949D-411F-46D5-A0C2-1D4C4FBC5596}.Release|TwinCAT OS (ARMV7-A).ActiveCfg = Release|TwinCAT OS (ARMV7-A)
		{A13E949D-411F-46D5-A0C2-1D4C4FBC5596}.Release|TwinCAT OS (ARMV7-A).Build.0 = Release|TwinCAT OS (ARMV7-A)
		{A13E949D-411F-46D5-A0C2-1D4C4FBC5596}.Release|TwinCAT OS (ARMV7-M).ActiveCfg = Release|TwinCAT OS (ARMV7-M)
		{A13E949D-411F-46D5-A0C2-1D4C4FBC5596}.Release|TwinCAT OS (ARMV7-M).Build.0 = Release|TwinCAT OS (ARMV7-M)
		{A13E949D-411F-46D5-A0C2-1D4C4FBC5596}.Release|TwinCAT OS (ARMV8-A).ActiveCfg = Release|TwinCAT OS (ARMV8-A)
		{A13E949D-411F-46D5-A0C2-1D4C4FBC5596}.Release|TwinCAT OS (ARMV8-A).Build.0 = Release|TwinCAT OS (ARMV8-A)
		{A13E949D-411F-46D5-A0C2-1D4C4FBC5596}.Release|TwinCAT OS (x64).ActiveCfg = Release|TwinCAT OS (x64)
		{A13E949D-411F-46D5-A0C2-1D4C4FBC5596}.Release|TwinCAT OS (x64).Build.0 = Release|TwinCAT OS (x64)
		{A13E949D-411F-46D5-A0C2-1D4C4FBC5596}.Release|TwinCAT RT (x64).ActiveCfg = Release|TwinCAT RT (x64)
		{A13E949D-411F-46D5-A0C2-1D4C4FBC5596}.Release|TwinCAT RT (x64).Build.0 = Release|TwinCAT RT (x64)
		{A13E949D-411F-46D5-A0C2-1D4C4FBC5596}.Release|TwinCAT RT (x86).ActiveCfg = Release|TwinCAT RT (x86)
		{A13E949D-411F-46D5-A0C2-1D4C4FBC5596}.Release|TwinCAT RT (x86).Build.0 = Release|TwinCAT RT (x86)
	EndGlobalSection
	GlobalSection(SolutionProperties) = preSolution
		HideSolutionNode = FALSE
	EndGlobalSection
	GlobalSection(ExtensibilityGlobals) = postSolution
		SolutionGuid = {F9E4942D-5EC2-469F-B3B1-1171602F4400}
	EndGlobalSection
EndGlobal
